
Microsoft Visual Studio Solution File, Format Version 12.00
# Visual Studio Version 17
VisualStudioVersion = 17.6.33723.286
MinimumVisualStudioVersion = 10.0.40219.1
Project("{FAE04EC0-301F-11D3-BF4B-00C04F79EFBC}") = "Magazin", "Magazin.csproj", "{0FA8F62E-C6B7-4FEC-A5AA-A0E86729831F}"
EndProject
Global
	GlobalSection(SolutionConfigurationPlatforms) = preSolution
		Debug|Any CPU = Debug|Any CPU
		Release|Any CPU = Release|Any CPU
	EndGlobalSection
	GlobalSection(ProjectConfigurationPlatforms) = postSolution
		{0FA8F62E-C6B7-4FEC-A5AA-A0E86729831F}.Debug|Any CPU.ActiveCfg = Debug|Any CPU
		{0FA8F62E-C6B7-4FEC-A5AA-A0E86729831F}.Debug|Any CPU.Build.0 = Debug|Any CPU
		{0FA8F62E-C6B7-4FEC-A5AA-A0E86729831F}.Release|Any CPU.ActiveCfg = Release|Any CPU
		{0FA8F62E-C6B7-4FEC-A5AA-A0E86729831F}.Release|Any CPU.Build.0 = Release|Any CPU
	EndGlobalSection
	GlobalSection(SolutionProperties) = preSolution
		HideSolutionNode = FALSE
	EndGlobalSection
	GlobalSection(ExtensibilityGlobals) = postSolution
		SolutionGuid = {592AAC5C-7679-4436-93F2-EDF48F2C33C6}
	EndGlobalSection
EndGlobal
